
Microsoft Visual Studio Solution File, Format Version 12.00
# Visual Studio Version 16
VisualStudioVersion = 16.0.31410.357
MinimumVisualStudioVersion = 10.0.40219.1
Project("{FAE04EC0-301F-11D3-BF4B-00C04F79EFBC}") = "Niravadea.BoomerSpeak.LanguageVersion9", "Niravadea.BoomerSpeak.LanguageVersion9\Niravadea.BoomerSpeak.LanguageVersion9.csproj", "{2925680C-CC6E-4E72-82ED-A16B9D4176E5}"
EndProject
Project("{FAE04EC0-301F-11D3-BF4B-00C04F79EFBC}") = "Niravadea.BoomerSpeak.LanguageVersion1", "Niravadea.BoomerSpeak.LanguageVersion1\Niravadea.BoomerSpeak.LanguageVersion1.csproj", "{CDF0E684-8683-409C-A4CA-F54D23B381A4}"
EndProject
Global
	GlobalSection(SolutionConfigurationPlatforms) = preSolution
		Debug|Any CPU = Debug|Any CPU
		Release|Any CPU = Release|Any CPU
	EndGlobalSection
	GlobalSection(ProjectConfigurationPlatforms) = postSolution
		{2925680C-CC6E-4E72-82ED-A16B9D4176E5}.Debug|Any CPU.ActiveCfg = Debug|Any CPU
		{2925680C-CC6E-4E72-82ED-A16B9D4176E5}.Debug|Any CPU.Build.0 = Debug|Any CPU
		{2925680C-CC6E-4E72-82ED-A16B9D4176E5}.Release|Any CPU.ActiveCfg = Release|Any CPU
		{2925680C-CC6E-4E72-82ED-A16B9D4176E5}.Release|Any CPU.Build.0 = Release|Any CPU
		{CDF0E684-8683-409C-A4CA-F54D23B381A4}.Debug|Any CPU.ActiveCfg = Debug|Any CPU
		{CDF0E684-8683-409C-A4CA-F54D23B381A4}.Debug|Any CPU.Build.0 = Debug|Any CPU
		{CDF0E684-8683-409C-A4CA-F54D23B381A4}.Release|Any CPU.ActiveCfg = Release|Any CPU
		{CDF0E684-8683-409C-A4CA-F54D23B381A4}.Release|Any CPU.Build.0 = Release|Any CPU
	EndGlobalSection
	GlobalSection(SolutionProperties) = preSolution
		HideSolutionNode = FALSE
	EndGlobalSection
	GlobalSection(ExtensibilityGlobals) = postSolution
		SolutionGuid = {3A077C0D-DBA4-48F2-9ADE-DD17F5A3A385}
	EndGlobalSection
EndGlobal
